// !$*UTF8*$!
{
	archiveVersion = 1;
	classes = {
	};
	objectVersion = 48;
	objects = {

/* Begin PBXBuildFile section */
		F408961B20EE37680033E4AC /* bfqs.cpp in Sources */ = {isa = PBXBuildFile; fileRef = F408961920EE37680033E4AC /* bfqs.cpp */; };
		F41965B621324016006AE18B /* shuffled_domain_rank.csv in Resources */ = {isa = PBXBuildFile; fileRef = F41965B421323FA2006AE18B /* shuffled_domain_rank.csv */; };
		F41965B721324016006AE18B /* unordered_dbpedia_labels.txt in Resources */ = {isa = PBXBuildFile; fileRef = F41965B521323FA2006AE18B /* unordered_dbpedia_labels.txt */; };
		F4D0B594206F54D800BB968D /* AppDelegate.swift in Sources */ = {isa = PBXBuildFile; fileRef = F4D0B593206F54D800BB968D /* AppDelegate.swift */; };
		F4D0B596206F54D800BB968D /* ViewController.swift in Sources */ = {isa = PBXBuildFile; fileRef = F4D0B595206F54D800BB968D /* ViewController.swift */; };
		F4D0B599206F54D800BB968D /* Main.storyboard in Resources */ = {isa = PBXBuildFile; fileRef = F4D0B597206F54D800BB968D /* Main.storyboard */; };
		F4D0B59B206F54D800BB968D /* Assets.xcassets in Resources */ = {isa = PBXBuildFile; fileRef = F4D0B59A206F54D800BB968D /* Assets.xcassets */; };
		F4D0B5A9206F54D800BB968D /* Index_ResearchTests.swift in Sources */ = {isa = PBXBuildFile; fileRef = F4D0B5A8206F54D800BB968D /* Index_ResearchTests.swift */; };
		F4D0B5B4206F54D800BB968D /* Index_ResearchUITests.swift in Sources */ = {isa = PBXBuildFile; fileRef = F4D0B5B3206F54D800BB968D /* Index_ResearchUITests.swift */; };
		F4D0B5DC206F615B00BB968D /* bft.cpp in Sources */ = {isa = PBXBuildFile; fileRef = F4D0B5C5206F615500BB968D /* bft.cpp */; };
		F4D0B5DD206F615B00BB968D /* GenTree.cpp in Sources */ = {isa = PBXBuildFile; fileRef = F4D0B5C7206F615600BB968D /* GenTree.cpp */; };
		F4D0B5DE206F615B00BB968D /* linex.cpp in Sources */ = {isa = PBXBuildFile; fileRef = F4D0B5C8206F615600BB968D /* linex.cpp */; };
		F4D0B5DF206F615B00BB968D /* dfqx.cpp in Sources */ = {isa = PBXBuildFile; fileRef = F4D0B5C9206F615600BB968D /* dfqx.cpp */; };
		F4D0B5E0206F615B00BB968D /* basix.cpp in Sources */ = {isa = PBXBuildFile; fileRef = F4D0B5CA206F615600BB968D /* basix.cpp */; };
		F4D0B5E1206F615B00BB968D /* bfos.cpp in Sources */ = {isa = PBXBuildFile; fileRef = F4D0B5CD206F615700BB968D /* bfos.cpp */; };
		F4D0B5E2206F615B00BB968D /* dft.cpp in Sources */ = {isa = PBXBuildFile; fileRef = F4D0B5CF206F615700BB968D /* dft.cpp */; };
		F4D0B5E3206F615B00BB968D /* art.cpp in Sources */ = {isa = PBXBuildFile; fileRef = F4D0B5D1206F615700BB968D /* art.cpp */; };
		F4D0B5E4206F615B00BB968D /* dfos.cpp in Sources */ = {isa = PBXBuildFile; fileRef = F4D0B5D2206F615800BB968D /* dfos.cpp */; };
		F4D0B5E5206F615B00BB968D /* univix_util.cpp in Sources */ = {isa = PBXBuildFile; fileRef = F4D0B5D4206F615800BB968D /* univix_util.cpp */; };
		F4D0B5E6206F615B00BB968D /* rb_tree.cpp in Sources */ = {isa = PBXBuildFile; fileRef = F4D0B5D8206F615900BB968D /* rb_tree.cpp */; };
		F4D0B5E7206F615B00BB968D /* dfox.cpp in Sources */ = {isa = PBXBuildFile; fileRef = F4D0B5D9206F615A00BB968D /* dfox.cpp */; };
		F4D0B5EA206F6F2000BB968D /* apple_invoker.cpp in Sources */ = {isa = PBXBuildFile; fileRef = F4D0B5E8206F6F2000BB968D /* apple_invoker.cpp */; };
/* End PBXBuildFile section */

/* Begin PBXContainerItemProxy section */
		F4D0B5A5206F54D800BB968D /* PBXContainerItemProxy */ = {
			isa = PBXContainerItemProxy;
			containerPortal = F4D0B588206F54D800BB968D /* Project object */;
			proxyType = 1;
			remoteGlobalIDString = F4D0B58F206F54D800BB968D;
			remoteInfo = "Index Research";
		};
		F4D0B5B0206F54D800BB968D /* PBXContainerItemProxy */ = {
			isa = PBXContainerItemProxy;
			containerPortal = F4D0B588206F54D800BB968D /* Project object */;
			proxyType = 1;
			remoteGlobalIDString = F4D0B58F206F54D800BB968D;
			remoteInfo = "Index Research";
		};
/* End PBXContainerItemProxy section */

/* Begin PBXFileReference section */
		F408961920EE37680033E4AC /* bfqs.cpp */ = {isa = PBXFileReference; fileEncoding = 4; lastKnownFileType = sourcecode.cpp.cpp; name = bfqs.cpp; path = ../../index_research/src/bfqs.cpp; sourceTree = "<group>"; };
		F408961A20EE37680033E4AC /* bfqs.h */ = {isa = PBXFileReference; fileEncoding = 4; lastKnownFileType = sourcecode.c.h; name = bfqs.h; path = ../../index_research/src/bfqs.h; sourceTree = "<group>"; };
		F41965B421323FA2006AE18B /* shuffled_domain_rank.csv */ = {isa = PBXFileReference; lastKnownFileType = text; path = shuffled_domain_rank.csv; sourceTree = "<group>"; };
		F41965B521323FA2006AE18B /* unordered_dbpedia_labels.txt */ = {isa = PBXFileReference; lastKnownFileType = text; path = unordered_dbpedia_labels.txt; sourceTree = "<group>"; };
		F4C8D86A213238CB008AA7EF /* bplus_tree_handler.h */ = {isa = PBXFileReference; fileEncoding = 4; lastKnownFileType = sourcecode.c.h; name = bplus_tree_handler.h; path = ../../index_research/src/bplus_tree_handler.h; sourceTree = "<group>"; };
		F4D0B590206F54D800BB968D /* Index Research.app */ = {isa = PBXFileReference; explicitFileType = wrapper.application; includeInIndex = 0; path = "Index Research.app"; sourceTree = BUILT_PRODUCTS_DIR; };
		F4D0B593206F54D800BB968D /* AppDelegate.swift */ = {isa = PBXFileReference; lastKnownFileType = sourcecode.swift; path = AppDelegate.swift; sourceTree = "<group>"; };
		F4D0B595206F54D800BB968D /* ViewController.swift */ = {isa = PBXFileReference; lastKnownFileType = sourcecode.swift; path = ViewController.swift; sourceTree = "<group>"; };
		F4D0B598206F54D800BB968D /* Base */ = {isa = PBXFileReference; lastKnownFileType = file.storyboard; name = Base; path = Base.lproj/Main.storyboard; sourceTree = "<group>"; };
		F4D0B59A206F54D800BB968D /* Assets.xcassets */ = {isa = PBXFileReference; lastKnownFileType = folder.assetcatalog; path = Assets.xcassets; sourceTree = "<group>"; };
		F4D0B59F206F54D800BB968D /* Info.plist */ = {isa = PBXFileReference; lastKnownFileType = text.plist.xml; path = Info.plist; sourceTree = "<group>"; };
		F4D0B5A4206F54D800BB968D /* Index ResearchTests.xctest */ = {isa = PBXFileReference; explicitFileType = wrapper.cfbundle; includeInIndex = 0; path = "Index ResearchTests.xctest"; sourceTree = BUILT_PRODUCTS_DIR; };
		F4D0B5A8206F54D800BB968D /* Index_ResearchTests.swift */ = {isa = PBXFileReference; lastKnownFileType = sourcecode.swift; path = Index_ResearchTests.swift; sourceTree = "<group>"; };
		F4D0B5AA206F54D800BB968D /* Info.plist */ = {isa = PBXFileReference; lastKnownFileType = text.plist.xml; path = Info.plist; sourceTree = "<group>"; };
		F4D0B5AF206F54D800BB968D /* Index ResearchUITests.xctest */ = {isa = PBXFileReference; explicitFileType = wrapper.cfbundle; includeInIndex = 0; path = "Index ResearchUITests.xctest"; sourceTree = BUILT_PRODUCTS_DIR; };
		F4D0B5B3206F54D800BB968D /* Index_ResearchUITests.swift */ = {isa = PBXFileReference; lastKnownFileType = sourcecode.swift; path = Index_ResearchUITests.swift; sourceTree = "<group>"; };
		F4D0B5B5206F54D800BB968D /* Info.plist */ = {isa = PBXFileReference; lastKnownFileType = text.plist.xml; path = Info.plist; sourceTree = "<group>"; };
		F4D0B5C1206F615400BB968D /* Index Research-Bridging-Header.h */ = {isa = PBXFileReference; lastKnownFileType = sourcecode.c.h; path = "Index Research-Bridging-Header.h"; sourceTree = "<group>"; };
		F4D0B5C2206F615500BB968D /* univix_util.h */ = {isa = PBXFileReference; fileEncoding = 4; lastKnownFileType = sourcecode.c.h; name = univix_util.h; path = ../../index_research/src/univix_util.h; sourceTree = "<group>"; };
		F4D0B5C3206F615500BB968D /* art.h */ = {isa = PBXFileReference; fileEncoding = 4; lastKnownFileType = sourcecode.c.h; name = art.h; path = ../../index_research/src/art.h; sourceTree = "<group>"; };
		F4D0B5C4206F615500BB968D /* GenTree.h */ = {isa = PBXFileReference; fileEncoding = 4; lastKnownFileType = sourcecode.c.h; name = GenTree.h; path = ../../index_research/src/GenTree.h; sourceTree = "<group>"; };
		F4D0B5C5206F615500BB968D /* bft.cpp */ = {isa = PBXFileReference; fileEncoding = 4; lastKnownFileType = sourcecode.cpp.cpp; name = bft.cpp; path = ../../index_research/src/bft.cpp; sourceTree = "<group>"; };
		F4D0B5C6206F615500BB968D /* dfos.h */ = {isa = PBXFileReference; fileEncoding = 4; lastKnownFileType = sourcecode.c.h; name = dfos.h; path = ../../index_research/src/dfos.h; sourceTree = "<group>"; };
		F4D0B5C7206F615600BB968D /* GenTree.cpp */ = {isa = PBXFileReference; fileEncoding = 4; lastKnownFileType = sourcecode.cpp.cpp; name = GenTree.cpp; path = ../../index_research/src/GenTree.cpp; sourceTree = "<group>"; };
		F4D0B5C8206F615600BB968D /* linex.cpp */ = {isa = PBXFileReference; fileEncoding = 4; lastKnownFileType = sourcecode.cpp.cpp; name = linex.cpp; path = ../../index_research/src/linex.cpp; sourceTree = "<group>"; };
		F4D0B5C9206F615600BB968D /* dfqx.cpp */ = {isa = PBXFileReference; fileEncoding = 4; lastKnownFileType = sourcecode.cpp.cpp; name = dfqx.cpp; path = ../../index_research/src/dfqx.cpp; sourceTree = "<group>"; };
		F4D0B5CA206F615600BB968D /* basix.cpp */ = {isa = PBXFileReference; fileEncoding = 4; lastKnownFileType = sourcecode.cpp.cpp; name = basix.cpp; path = ../../index_research/src/basix.cpp; sourceTree = "<group>"; };
		F4D0B5CB206F615600BB968D /* dft.h */ = {isa = PBXFileReference; fileEncoding = 4; lastKnownFileType = sourcecode.c.h; name = dft.h; path = ../../index_research/src/dft.h; sourceTree = "<group>"; };
		F4D0B5CC206F615600BB968D /* dfqx.h */ = {isa = PBXFileReference; fileEncoding = 4; lastKnownFileType = sourcecode.c.h; name = dfqx.h; path = ../../index_research/src/dfqx.h; sourceTree = "<group>"; };
		F4D0B5CD206F615700BB968D /* bfos.cpp */ = {isa = PBXFileReference; fileEncoding = 4; lastKnownFileType = sourcecode.cpp.cpp; name = bfos.cpp; path = ../../index_research/src/bfos.cpp; sourceTree = "<group>"; };
		F4D0B5CE206F615700BB968D /* bft.h */ = {isa = PBXFileReference; fileEncoding = 4; lastKnownFileType = sourcecode.c.h; name = bft.h; path = ../../index_research/src/bft.h; sourceTree = "<group>"; };
		F4D0B5CF206F615700BB968D /* dft.cpp */ = {isa = PBXFileReference; fileEncoding = 4; lastKnownFileType = sourcecode.cpp.cpp; name = dft.cpp; path = ../../index_research/src/dft.cpp; sourceTree = "<group>"; };
		F4D0B5D1206F615700BB968D /* art.cpp */ = {isa = PBXFileReference; fileEncoding = 4; lastKnownFileType = sourcecode.cpp.cpp; name = art.cpp; path = ../../index_research/src/art.cpp; sourceTree = "<group>"; };
		F4D0B5D2206F615800BB968D /* dfos.cpp */ = {isa = PBXFileReference; fileEncoding = 4; lastKnownFileType = sourcecode.cpp.cpp; name = dfos.cpp; path = ../../index_research/src/dfos.cpp; sourceTree = "<group>"; };
		F4D0B5D3206F615800BB968D /* basix.h */ = {isa = PBXFileReference; fileEncoding = 4; lastKnownFileType = sourcecode.c.h; name = basix.h; path = ../../index_research/src/basix.h; sourceTree = "<group>"; };
		F4D0B5D4206F615800BB968D /* univix_util.cpp */ = {isa = PBXFileReference; fileEncoding = 4; lastKnownFileType = sourcecode.cpp.cpp; name = univix_util.cpp; path = ../../index_research/src/univix_util.cpp; sourceTree = "<group>"; };
		F4D0B5D5206F615800BB968D /* rb_tree.h */ = {isa = PBXFileReference; fileEncoding = 4; lastKnownFileType = sourcecode.c.h; name = rb_tree.h; path = ../../index_research/src/rb_tree.h; sourceTree = "<group>"; };
		F4D0B5D6206F615900BB968D /* linex.h */ = {isa = PBXFileReference; fileEncoding = 4; lastKnownFileType = sourcecode.c.h; name = linex.h; path = ../../index_research/src/linex.h; sourceTree = "<group>"; };
		F4D0B5D7206F615900BB968D /* dfox.h */ = {isa = PBXFileReference; fileEncoding = 4; lastKnownFileType = sourcecode.c.h; name = dfox.h; path = ../../index_research/src/dfox.h; sourceTree = "<group>"; };
		F4D0B5D8206F615900BB968D /* rb_tree.cpp */ = {isa = PBXFileReference; fileEncoding = 4; lastKnownFileType = sourcecode.cpp.cpp; name = rb_tree.cpp; path = ../../index_research/src/rb_tree.cpp; sourceTree = "<group>"; };
		F4D0B5D9206F615A00BB968D /* dfox.cpp */ = {isa = PBXFileReference; fileEncoding = 4; lastKnownFileType = sourcecode.cpp.cpp; name = dfox.cpp; path = ../../index_research/src/dfox.cpp; sourceTree = "<group>"; };
		F4D0B5DA206F615A00BB968D /* pstdint.h */ = {isa = PBXFileReference; fileEncoding = 4; lastKnownFileType = sourcecode.c.h; name = pstdint.h; path = ../../index_research/src/pstdint.h; sourceTree = "<group>"; };
		F4D0B5DB206F615A00BB968D /* bfos.h */ = {isa = PBXFileReference; fileEncoding = 4; lastKnownFileType = sourcecode.c.h; name = bfos.h; path = ../../index_research/src/bfos.h; sourceTree = "<group>"; };
		F4D0B5E8206F6F2000BB968D /* apple_invoker.cpp */ = {isa = PBXFileReference; lastKnownFileType = sourcecode.cpp.cpp; path = apple_invoker.cpp; sourceTree = "<group>"; };
		F4D0B5E9206F6F2000BB968D /* apple_invoker.hpp */ = {isa = PBXFileReference; lastKnownFileType = sourcecode.cpp.h; path = apple_invoker.hpp; sourceTree = "<group>"; };
/* End PBXFileReference section */

/* Begin PBXFrameworksBuildPhase section */
		F4D0B58D206F54D800BB968D /* Frameworks */ = {
			isa = PBXFrameworksBuildPhase;
			buildActionMask = 2147483647;
			files = (
			);
			runOnlyForDeploymentPostprocessing = 0;
		};
		F4D0B5A1206F54D800BB968D /* Frameworks */ = {
			isa = PBXFrameworksBuildPhase;
			buildActionMask = 2147483647;
			files = (
			);
			runOnlyForDeploymentPostprocessing = 0;
		};
		F4D0B5AC206F54D800BB968D /* Frameworks */ = {
			isa = PBXFrameworksBuildPhase;
			buildActionMask = 2147483647;
			files = (
			);
			runOnlyForDeploymentPostprocessing = 0;
		};
/* End PBXFrameworksBuildPhase section */

/* Begin PBXGroup section */
		F41965B321323FA2006AE18B /* data */ = {
			isa = PBXGroup;
			children = (
				F41965B421323FA2006AE18B /* shuffled_domain_rank.csv */,
				F41965B521323FA2006AE18B /* unordered_dbpedia_labels.txt */,
			);
			path = data;
			sourceTree = "<group>";
		};
		F4D0B587206F54D800BB968D = {
			isa = PBXGroup;
			children = (
				F41965B321323FA2006AE18B /* data */,
				F4C8D86A213238CB008AA7EF /* bplus_tree_handler.h */,
				F408961920EE37680033E4AC /* bfqs.cpp */,
				F408961A20EE37680033E4AC /* bfqs.h */,
				F4D0B5E8206F6F2000BB968D /* apple_invoker.cpp */,
				F4D0B5E9206F6F2000BB968D /* apple_invoker.hpp */,
				F4D0B5D1206F615700BB968D /* art.cpp */,
				F4D0B5C3206F615500BB968D /* art.h */,
				F4D0B5CA206F615600BB968D /* basix.cpp */,
				F4D0B5D3206F615800BB968D /* basix.h */,
				F4D0B5CD206F615700BB968D /* bfos.cpp */,
				F4D0B5DB206F615A00BB968D /* bfos.h */,
				F4D0B5C5206F615500BB968D /* bft.cpp */,
				F4D0B5CE206F615700BB968D /* bft.h */,
				F4D0B5D2206F615800BB968D /* dfos.cpp */,
				F4D0B5C6206F615500BB968D /* dfos.h */,
				F4D0B5D9206F615A00BB968D /* dfox.cpp */,
				F4D0B5D7206F615900BB968D /* dfox.h */,
				F4D0B5C9206F615600BB968D /* dfqx.cpp */,
				F4D0B5CC206F615600BB968D /* dfqx.h */,
				F4D0B5CF206F615700BB968D /* dft.cpp */,
				F4D0B5CB206F615600BB968D /* dft.h */,
				F4D0B5C7206F615600BB968D /* GenTree.cpp */,
				F4D0B5C4206F615500BB968D /* GenTree.h */,
				F4D0B5C8206F615600BB968D /* linex.cpp */,
				F4D0B5D6206F615900BB968D /* linex.h */,
				F4D0B5DA206F615A00BB968D /* pstdint.h */,
				F4D0B5D8206F615900BB968D /* rb_tree.cpp */,
				F4D0B5D5206F615800BB968D /* rb_tree.h */,
				F4D0B5D4206F615800BB968D /* univix_util.cpp */,
				F4D0B5C2206F615500BB968D /* univix_util.h */,
				F4D0B592206F54D800BB968D /* Index Research */,
				F4D0B5A7206F54D800BB968D /* Index ResearchTests */,
				F4D0B5B2206F54D800BB968D /* Index ResearchUITests */,
				F4D0B591206F54D800BB968D /* Products */,
				F4D0B5C1206F615400BB968D /* Index Research-Bridging-Header.h */,
			);
			sourceTree = "<group>";
		};
		F4D0B591206F54D800BB968D /* Products */ = {
			isa = PBXGroup;
			children = (
				F4D0B590206F54D800BB968D /* Index Research.app */,
				F4D0B5A4206F54D800BB968D /* Index ResearchTests.xctest */,
				F4D0B5AF206F54D800BB968D /* Index ResearchUITests.xctest */,
			);
			name = Products;
			sourceTree = "<group>";
		};
		F4D0B592206F54D800BB968D /* Index Research */ = {
			isa = PBXGroup;
			children = (
				F4D0B593206F54D800BB968D /* AppDelegate.swift */,
				F4D0B595206F54D800BB968D /* ViewController.swift */,
				F4D0B597206F54D800BB968D /* Main.storyboard */,
				F4D0B59A206F54D800BB968D /* Assets.xcassets */,
				F4D0B59F206F54D800BB968D /* Info.plist */,
			);
			path = "Index Research";
			sourceTree = "<group>";
		};
		F4D0B5A7206F54D800BB968D /* Index ResearchTests */ = {
			isa = PBXGroup;
			children = (
				F4D0B5A8206F54D800BB968D /* Index_ResearchTests.swift */,
				F4D0B5AA206F54D800BB968D /* Info.plist */,
			);
			path = "Index ResearchTests";
			sourceTree = "<group>";
		};
		F4D0B5B2206F54D800BB968D /* Index ResearchUITests */ = {
			isa = PBXGroup;
			children = (
				F4D0B5B3206F54D800BB968D /* Index_ResearchUITests.swift */,
				F4D0B5B5206F54D800BB968D /* Info.plist */,
			);
			path = "Index ResearchUITests";
			sourceTree = "<group>";
		};
/* End PBXGroup section */

/* Begin PBXNativeTarget section */
		F4D0B58F206F54D800BB968D /* Index Research */ = {
			isa = PBXNativeTarget;
			buildConfigurationList = F4D0B5B8206F54D800BB968D /* Build configuration list for PBXNativeTarget "Index Research" */;
			buildPhases = (
				F4D0B58C206F54D800BB968D /* Sources */,
				F4D0B58D206F54D800BB968D /* Frameworks */,
				F4D0B58E206F54D800BB968D /* Resources */,
			);
			buildRules = (
			);
			dependencies = (
			);
			name = "Index Research";
			productName = "Index Research";
			productReference = F4D0B590206F54D800BB968D /* Index Research.app */;
			productType = "com.apple.product-type.application";
		};
		F4D0B5A3206F54D800BB968D /* Index ResearchTests */ = {
			isa = PBXNativeTarget;
			buildConfigurationList = F4D0B5BB206F54D800BB968D /* Build configuration list for PBXNativeTarget "Index ResearchTests" */;
			buildPhases = (
				F4D0B5A0206F54D800BB968D /* Sources */,
				F4D0B5A1206F54D800BB968D /* Frameworks */,
				F4D0B5A2206F54D800BB968D /* Resources */,
			);
			buildRules = (
			);
			dependencies = (
				F4D0B5A6206F54D800BB968D /* PBXTargetDependency */,
			);
			name = "Index ResearchTests";
			productName = "Index ResearchTests";
			productReference = F4D0B5A4206F54D800BB968D /* Index ResearchTests.xctest */;
			productType = "com.apple.product-type.bundle.unit-test";
		};
		F4D0B5AE206F54D800BB968D /* Index ResearchUITests */ = {
			isa = PBXNativeTarget;
			buildConfigurationList = F4D0B5BE206F54D800BB968D /* Build configuration list for PBXNativeTarget "Index ResearchUITests" */;
			buildPhases = (
				F4D0B5AB206F54D800BB968D /* Sources */,
				F4D0B5AC206F54D800BB968D /* Frameworks */,
				F4D0B5AD206F54D800BB968D /* Resources */,
			);
			buildRules = (
			);
			dependencies = (
				F4D0B5B1206F54D800BB968D /* PBXTargetDependency */,
			);
			name = "Index ResearchUITests";
			productName = "Index ResearchUITests";
			productReference = F4D0B5AF206F54D800BB968D /* Index ResearchUITests.xctest */;
			productType = "com.apple.product-type.bundle.ui-testing";
		};
/* End PBXNativeTarget section */

/* Begin PBXProject section */
		F4D0B588206F54D800BB968D /* Project object */ = {
			isa = PBXProject;
			attributes = {
				LastSwiftUpdateCheck = 0900;
				LastUpgradeCheck = 0900;
				ORGANIZATIONNAME = "Siara Logics (cc)";
				TargetAttributes = {
					F4D0B58F206F54D800BB968D = {
						CreatedOnToolsVersion = 9.0;
						LastSwiftMigration = 0900;
						ProvisioningStyle = Automatic;
					};
					F4D0B5A3206F54D800BB968D = {
						CreatedOnToolsVersion = 9.0;
						ProvisioningStyle = Automatic;
						TestTargetID = F4D0B58F206F54D800BB968D;
					};
					F4D0B5AE206F54D800BB968D = {
						CreatedOnToolsVersion = 9.0;
						ProvisioningStyle = Automatic;
						TestTargetID = F4D0B58F206F54D800BB968D;
					};
				};
			};
			buildConfigurationList = F4D0B58B206F54D800BB968D /* Build configuration list for PBXProject "Index Research" */;
			compatibilityVersion = "Xcode 8.0";
			developmentRegion = en;
			hasScannedForEncodings = 0;
			knownRegions = (
				en,
				Base,
			);
			mainGroup = F4D0B587206F54D800BB968D;
			productRefGroup = F4D0B591206F54D800BB968D /* Products */;
			projectDirPath = "";
			projectRoot = "";
			targets = (
				F4D0B58F206F54D800BB968D /* Index Research */,
				F4D0B5A3206F54D800BB968D /* Index ResearchTests */,
				F4D0B5AE206F54D800BB968D /* Index ResearchUITests */,
			);
		};
/* End PBXProject section */

/* Begin PBXResourcesBuildPhase section */
		F4D0B58E206F54D800BB968D /* Resources */ = {
			isa = PBXResourcesBuildPhase;
			buildActionMask = 2147483647;
			files = (
				F41965B621324016006AE18B /* shuffled_domain_rank.csv in Resources */,
				F41965B721324016006AE18B /* unordered_dbpedia_labels.txt in Resources */,
				F4D0B59B206F54D800BB968D /* Assets.xcassets in Resources */,
				F4D0B599206F54D800BB968D /* Main.storyboard in Resources */,
			);
			runOnlyForDeploymentPostprocessing = 0;
		};
		F4D0B5A2206F54D800BB968D /* Resources */ = {
			isa = PBXResourcesBuildPhase;
			buildActionMask = 2147483647;
			files = (
			);
			runOnlyForDeploymentPostprocessing = 0;
		};
		F4D0B5AD206F54D800BB968D /* Resources */ = {
			isa = PBXResourcesBuildPhase;
			buildActionMask = 2147483647;
			files = (
			);
			runOnlyForDeploymentPostprocessing = 0;
		};
/* End PBXResourcesBuildPhase section */

/* Begin PBXSourcesBuildPhase section */
		F4D0B58C206F54D800BB968D /* Sources */ = {
			isa = PBXSourcesBuildPhase;
			buildActionMask = 2147483647;
			files = (
				F4D0B5E7206F615B00BB968D /* dfox.cpp in Sources */,
				F4D0B5E5206F615B00BB968D /* univix_util.cpp in Sources */,
				F4D0B5DE206F615B00BB968D /* linex.cpp in Sources */,
				F4D0B5DC206F615B00BB968D /* bft.cpp in Sources */,
				F4D0B5E4206F615B00BB968D /* dfos.cpp in Sources */,
				F408961B20EE37680033E4AC /* bfqs.cpp in Sources */,
				F4D0B5DF206F615B00BB968D /* dfqx.cpp in Sources */,
				F4D0B5E3206F615B00BB968D /* art.cpp in Sources */,
				F4D0B5E6206F615B00BB968D /* rb_tree.cpp in Sources */,
				F4D0B5EA206F6F2000BB968D /* apple_invoker.cpp in Sources */,
				F4D0B5E1206F615B00BB968D /* bfos.cpp in Sources */,
				F4D0B596206F54D800BB968D /* ViewController.swift in Sources */,
				F4D0B5DD206F615B00BB968D /* GenTree.cpp in Sources */,
				F4D0B5E2206F615B00BB968D /* dft.cpp in Sources */,
				F4D0B594206F54D800BB968D /* AppDelegate.swift in Sources */,
				F4D0B5E0206F615B00BB968D /* basix.cpp in Sources */,
			);
			runOnlyForDeploymentPostprocessing = 0;
		};
		F4D0B5A0206F54D800BB968D /* Sources */ = {
			isa = PBXSourcesBuildPhase;
			buildActionMask = 2147483647;
			files = (
				F4D0B5A9206F54D800BB968D /* Index_ResearchTests.swift in Sources */,
			);
			runOnlyForDeploymentPostprocessing = 0;
		};
		F4D0B5AB206F54D800BB968D /* Sources */ = {
			isa = PBXSourcesBuildPhase;
			buildActionMask = 2147483647;
			files = (
				F4D0B5B4206F54D800BB968D /* Index_ResearchUITests.swift in Sources */,
			);
			runOnlyForDeploymentPostprocessing = 0;
		};
/* End PBXSourcesBuildPhase section */

/* Begin PBXTargetDependency section */
		F4D0B5A6206F54D800BB968D /* PBXTargetDependency */ = {
			isa = PBXTargetDependency;
			target = F4D0B58F206F54D800BB968D /* Index Research */;
			targetProxy = F4D0B5A5206F54D800BB968D /* PBXContainerItemProxy */;
		};
		F4D0B5B1206F54D800BB968D /* PBXTargetDependency */ = {
			isa = PBXTargetDependency;
			target = F4D0B58F206F54D800BB968D /* Index Research */;
			targetProxy = F4D0B5B0206F54D800BB968D /* PBXContainerItemProxy */;
		};
/* End PBXTargetDependency section */

/* Begin PBXVariantGroup section */
		F4D0B597206F54D800BB968D /* Main.storyboard */ = {
			isa = PBXVariantGroup;
			children = (
				F4D0B598206F54D800BB968D /* Base */,
			);
			name = Main.storyboard;
			sourceTree = "<group>";
		};
/* End PBXVariantGroup section */

/* Begin XCBuildConfiguration section */
		F4D0B5B6206F54D800BB968D /* Debug */ = {
			isa = XCBuildConfiguration;
			buildSettings = {
				ALWAYS_SEARCH_USER_PATHS = NO;
				CLANG_ANALYZER_NONNULL = YES;
				CLANG_ANALYZER_NUMBER_OBJECT_CONVERSION = YES_AGGRESSIVE;
				CLANG_CXX_LANGUAGE_STANDARD = "gnu++14";
				CLANG_CXX_LIBRARY = "libc++";
				CLANG_DEBUG_INFORMATION_LEVEL = default;
				CLANG_ENABLE_MODULES = YES;
				CLANG_ENABLE_OBJC_ARC = YES;
				CLANG_WARN_BLOCK_CAPTURE_AUTORELEASING = YES;
				CLANG_WARN_BOOL_CONVERSION = YES;
				CLANG_WARN_COMMA = YES;
				CLANG_WARN_CONSTANT_CONVERSION = YES;
				CLANG_WARN_DIRECT_OBJC_ISA_USAGE = YES_ERROR;
				CLANG_WARN_DOCUMENTATION_COMMENTS = YES;
				CLANG_WARN_EMPTY_BODY = YES;
				CLANG_WARN_ENUM_CONVERSION = YES;
				CLANG_WARN_INFINITE_RECURSION = YES;
				CLANG_WARN_INT_CONVERSION = YES;
				CLANG_WARN_NON_LITERAL_NULL_CONVERSION = YES;
				CLANG_WARN_OBJC_LITERAL_CONVERSION = YES;
				CLANG_WARN_OBJC_ROOT_CLASS = YES_ERROR;
				CLANG_WARN_RANGE_LOOP_ANALYSIS = YES;
				CLANG_WARN_STRICT_PROTOTYPES = YES;
				CLANG_WARN_SUSPICIOUS_MOVE = YES;
				CLANG_WARN_UNGUARDED_AVAILABILITY = YES_AGGRESSIVE;
				CLANG_WARN_UNREACHABLE_CODE = YES;
				CLANG_WARN__DUPLICATE_METHOD_MATCH = YES;
				CLANG_X86_VECTOR_INSTRUCTIONS = default;
				CODE_SIGN_IDENTITY = "iPhone Developer";
				COPY_PHASE_STRIP = YES;
				DEBUG_INFORMATION_FORMAT = dwarf;
				ENABLE_BITCODE = NO;
				ENABLE_STRICT_OBJC_MSGSEND = YES;
				ENABLE_TESTABILITY = YES;
				GCC_C_LANGUAGE_STANDARD = gnu11;
				GCC_DYNAMIC_NO_PIC = NO;
				GCC_ENABLE_CPP_RTTI = NO;
				GCC_GENERATE_DEBUGGING_SYMBOLS = YES;
				GCC_INSTRUMENT_PROGRAM_FLOW_ARCS = NO;
				GCC_NO_COMMON_BLOCKS = YES;
				GCC_OPTIMIZATION_LEVEL = 0;
				GCC_PREPROCESSOR_DEFINITIONS = (
					"DEBUG=1",
					"$(inherited)",
				);
				GCC_SYMBOLS_PRIVATE_EXTERN = NO;
				GCC_WARN_64_TO_32_BIT_CONVERSION = YES;
				GCC_WARN_ABOUT_RETURN_TYPE = YES_ERROR;
				GCC_WARN_UNDECLARED_SELECTOR = YES;
				GCC_WARN_UNINITIALIZED_AUTOS = YES_AGGRESSIVE;
				GCC_WARN_UNUSED_FUNCTION = YES;
				GCC_WARN_UNUSED_VARIABLE = YES;
				IPHONEOS_DEPLOYMENT_TARGET = 9.0;
				LLVM_LTO = NO;
				MTL_ENABLE_DEBUG_INFO = YES;
				ONLY_ACTIVE_ARCH = NO;
				SDKROOT = iphoneos;
				SWIFT_ACTIVE_COMPILATION_CONDITIONS = DEBUG;
				SWIFT_OPTIMIZATION_LEVEL = "-Onone";
			};
			name = Debug;
		};
		F4D0B5B7206F54D800BB968D /* Release */ = {
			isa = XCBuildConfiguration;
			buildSettings = {
				ALWAYS_SEARCH_USER_PATHS = NO;
				CLANG_ANALYZER_NONNULL = YES;
				CLANG_ANALYZER_NUMBER_OBJECT_CONVERSION = YES_AGGRESSIVE;
				CLANG_CXX_LANGUAGE_STANDARD = "gnu++14";
				CLANG_CXX_LIBRARY = "libc++";
				CLANG_DEBUG_INFORMATION_LEVEL = default;
				CLANG_ENABLE_MODULES = YES;
				CLANG_ENABLE_OBJC_ARC = YES;
				CLANG_WARN_BLOCK_CAPTURE_AUTORELEASING = YES;
				CLANG_WARN_BOOL_CONVERSION = YES;
				CLANG_WARN_COMMA = YES;
				CLANG_WARN_CONSTANT_CONVERSION = YES;
				CLANG_WARN_DIRECT_OBJC_ISA_USAGE = YES_ERROR;
				CLANG_WARN_DOCUMENTATION_COMMENTS = YES;
				CLANG_WARN_EMPTY_BODY = YES;
				CLANG_WARN_ENUM_CONVERSION = YES;
				CLANG_WARN_INFINITE_RECURSION = YES;
				CLANG_WARN_INT_CONVERSION = YES;
				CLANG_WARN_NON_LITERAL_NULL_CONVERSION = YES;
				CLANG_WARN_OBJC_LITERAL_CONVERSION = YES;
				CLANG_WARN_OBJC_ROOT_CLASS = YES_ERROR;
				CLANG_WARN_RANGE_LOOP_ANALYSIS = YES;
				CLANG_WARN_STRICT_PROTOTYPES = YES;
				CLANG_WARN_SUSPICIOUS_MOVE = YES;
				CLANG_WARN_UNGUARDED_AVAILABILITY = YES_AGGRESSIVE;
				CLANG_WARN_UNREACHABLE_CODE = YES;
				CLANG_WARN__DUPLICATE_METHOD_MATCH = YES;
				CLANG_X86_VECTOR_INSTRUCTIONS = default;
				CODE_SIGN_IDENTITY = "iPhone Developer";
				COPY_PHASE_STRIP = YES;
				DEBUG_INFORMATION_FORMAT = "dwarf-with-dsym";
				ENABLE_BITCODE = NO;
				ENABLE_NS_ASSERTIONS = NO;
				ENABLE_STRICT_OBJC_MSGSEND = YES;
				GCC_C_LANGUAGE_STANDARD = gnu11;
				GCC_DYNAMIC_NO_PIC = NO;
				GCC_ENABLE_CPP_RTTI = NO;
				GCC_GENERATE_DEBUGGING_SYMBOLS = YES;
				GCC_INSTRUMENT_PROGRAM_FLOW_ARCS = NO;
				GCC_NO_COMMON_BLOCKS = YES;
				GCC_OPTIMIZATION_LEVEL = 3;
				GCC_SYMBOLS_PRIVATE_EXTERN = NO;
				GCC_WARN_64_TO_32_BIT_CONVERSION = YES;
				GCC_WARN_ABOUT_RETURN_TYPE = YES_ERROR;
				GCC_WARN_UNDECLARED_SELECTOR = YES;
				GCC_WARN_UNINITIALIZED_AUTOS = YES_AGGRESSIVE;
				GCC_WARN_UNUSED_FUNCTION = YES;
				GCC_WARN_UNUSED_VARIABLE = YES;
				IPHONEOS_DEPLOYMENT_TARGET = 9.0;
				LLVM_LTO = NO;
				MTL_ENABLE_DEBUG_INFO = NO;
				ONLY_ACTIVE_ARCH = YES;
				SDKROOT = iphoneos;
				SWIFT_OPTIMIZATION_LEVEL = "-Owholemodule";
				VALIDATE_PRODUCT = YES;
			};
			name = Release;
		};
		F4D0B5B9206F54D800BB968D /* Debug */ = {
			isa = XCBuildConfiguration;
			buildSettings = {
				ASSETCATALOG_COMPILER_APPICON_NAME = AppIcon;
				CLANG_ENABLE_MODULES = YES;
				"CODE_SIGN_IDENTITY[sdk=iphoneos*]" = "iPhone Developer";
				CODE_SIGN_STYLE = Automatic;
				COPY_PHASE_STRIP = YES;
				DEVELOPMENT_TEAM = 5S7E43LY85;
				INFOPLIST_FILE = "Index Research/Info.plist";
				IPHONEOS_DEPLOYMENT_TARGET = 9.0;
				LD_RUNPATH_SEARCH_PATHS = "$(inherited) @executable_path/Frameworks";
				ONLY_ACTIVE_ARCH = NO;
				PRODUCT_BUNDLE_IDENTIFIER = "cc.siara.Idx-Research";
				PRODUCT_NAME = "$(TARGET_NAME)";
				PROVISIONING_PROFILE_SPECIFIER = "";
				SWIFT_OBJC_BRIDGING_HEADER = "Index Research-Bridging-Header.h";
				SWIFT_OPTIMIZATION_LEVEL = "-Onone";
				SWIFT_VERSION = 4.0;
				TARGETED_DEVICE_FAMILY = "1,2";
			};
			name = Debug;
		};
		F4D0B5BA206F54D800BB968D /* Release */ = {
			isa = XCBuildConfiguration;
			buildSettings = {
				ASSETCATALOG_COMPILER_APPICON_NAME = AppIcon;
				CLANG_ENABLE_MODULES = YES;
				"CODE_SIGN_IDENTITY[sdk=iphoneos*]" = "iPhone Developer";
				CODE_SIGN_STYLE = Automatic;
				COPY_PHASE_STRIP = YES;
				DEVELOPMENT_TEAM = 5S7E43LY85;
				INFOPLIST_FILE = "Index Research/Info.plist";
				IPHONEOS_DEPLOYMENT_TARGET = 9.0;
				LD_RUNPATH_SEARCH_PATHS = "$(inherited) @executable_path/Frameworks";
				ONLY_ACTIVE_ARCH = YES;
				PRODUCT_BUNDLE_IDENTIFIER = "cc.siara.Idx-Research";
				PRODUCT_NAME = "$(TARGET_NAME)";
				PROVISIONING_PROFILE_SPECIFIER = "";
				SWIFT_OBJC_BRIDGING_HEADER = "Index Research-Bridging-Header.h";
				SWIFT_VERSION = 4.0;
				TARGETED_DEVICE_FAMILY = "1,2";
			};
			name = Release;
		};
		F4D0B5BC206F54D800BB968D /* Debug */ = {
			isa = XCBuildConfiguration;
			buildSettings = {
				ALWAYS_EMBED_SWIFT_STANDARD_LIBRARIES = YES;
				BUNDLE_LOADER = "$(TEST_HOST)";
				CODE_SIGN_STYLE = Automatic;
				DEVELOPMENT_TEAM = K4J7VPDHY4;
				INFOPLIST_FILE = "Index ResearchTests/Info.plist";
				LD_RUNPATH_SEARCH_PATHS = "$(inherited) @executable_path/Frameworks @loader_path/Frameworks";
				PRODUCT_BUNDLE_IDENTIFIER = "cc.siara.Index-ResearchTests";
				PRODUCT_NAME = "$(TARGET_NAME)";
				SWIFT_VERSION = 4.0;
				TARGETED_DEVICE_FAMILY = "1,2";
				TEST_HOST = "$(BUILT_PRODUCTS_DIR)/Index Research.app/Index Research";
			};
			name = Debug;
		};
		F4D0B5BD206F54D800BB968D /* Release */ = {
			isa = XCBuildConfiguration;
			buildSettings = {
				ALWAYS_EMBED_SWIFT_STANDARD_LIBRARIES = YES;
				BUNDLE_LOADER = "$(TEST_HOST)";
				CODE_SIGN_STYLE = Automatic;
				DEVELOPMENT_TEAM = K4J7VPDHY4;
				INFOPLIST_FILE = "Index ResearchTests/Info.plist";
				LD_RUNPATH_SEARCH_PATHS = "$(inherited) @executable_path/Frameworks @loader_path/Frameworks";
				PRODUCT_BUNDLE_IDENTIFIER = "cc.siara.Index-ResearchTests";
				PRODUCT_NAME = "$(TARGET_NAME)";
				SWIFT_VERSION = 4.0;
				TARGETED_DEVICE_FAMILY = "1,2";
				TEST_HOST = "$(BUILT_PRODUCTS_DIR)/Index Research.app/Index Research";
			};
			name = Release;
		};
		F4D0B5BF206F54D800BB968D /* Debug */ = {
			isa = XCBuildConfiguration;
			buildSettings = {
				ALWAYS_EMBED_SWIFT_STANDARD_LIBRARIES = YES;
				CODE_SIGN_STYLE = Automatic;
				DEVELOPMENT_TEAM = K4J7VPDHY4;
				INFOPLIST_FILE = "Index ResearchUITests/Info.plist";
				LD_RUNPATH_SEARCH_PATHS = "$(inherited) @executable_path/Frameworks @loader_path/Frameworks";
				PRODUCT_BUNDLE_IDENTIFIER = "cc.siara.Index-ResearchUITests";
				PRODUCT_NAME = "$(TARGET_NAME)";
				SWIFT_VERSION = 4.0;
				TARGETED_DEVICE_FAMILY = "1,2";
				TEST_TARGET_NAME = "Index Research";
			};
			name = Debug;
		};
		F4D0B5C0206F54D800BB968D /* Release */ = {
			isa = XCBuildConfiguration;
			buildSettings = {
				ALWAYS_EMBED_SWIFT_STANDARD_LIBRARIES = YES;
				CODE_SIGN_STYLE = Automatic;
				DEVELOPMENT_TEAM = K4J7VPDHY4;
				INFOPLIST_FILE = "Index ResearchUITests/Info.plist";
				LD_RUNPATH_SEARCH_PATHS = "$(inherited) @executable_path/Frameworks @loader_path/Frameworks";
				PRODUCT_BUNDLE_IDENTIFIER = "cc.siara.Index-ResearchUITests";
				PRODUCT_NAME = "$(TARGET_NAME)";
				SWIFT_VERSION = 4.0;
				TARGETED_DEVICE_FAMILY = "1,2";
				TEST_TARGET_NAME = "Index Research";
			};
			name = Release;
		};
/* End XCBuildConfiguration section */

/* Begin XCConfigurationList section */
		F4D0B58B206F54D800BB968D /* Build configuration list for PBXProject "Index Research" */ = {
			isa = XCConfigurationList;
			buildConfigurations = (
				F4D0B5B6206F54D800BB968D /* Debug */,
				F4D0B5B7206F54D800BB968D /* Release */,
			);
			defaultConfigurationIsVisible = 0;
			defaultConfigurationName = Release;
		};
		F4D0B5B8206F54D800BB968D /* Build configuration list for PBXNativeTarget "Index Research" */ = {
			isa = XCConfigurationList;
			buildConfigurations = (
				F4D0B5B9206F54D800BB968D /* Debug */,
				F4D0B5BA206F54D800BB968D /* Release */,
			);
			defaultConfigurationIsVisible = 0;
			defaultConfigurationName = Release;
		};
		F4D0B5BB206F54D800BB968D /* Build configuration list for PBXNativeTarget "Index ResearchTests" */ = {
			isa = XCConfigurationList;
			buildConfigurations = (
				F4D0B5BC206F54D800BB968D /* Debug */,
				F4D0B5BD206F54D800BB968D /* Release */,
			);
			defaultConfigurationIsVisible = 0;
			defaultConfigurationName = Release;
		};
		F4D0B5BE206F54D800BB968D /* Build configuration list for PBXNativeTarget "Index ResearchUITests" */ = {
			isa = XCConfigurationList;
			buildConfigurations = (
				F4D0B5BF206F54D800BB968D /* Debug */,
				F4D0B5C0206F54D800BB968D /* Release */,
			);
			defaultConfigurationIsVisible = 0;
			defaultConfigurationName = Release;
		};
/* End XCConfigurationList section */
	};
	rootObject = F4D0B588206F54D800BB968D /* Project object */;
}
